
Microsoft Visual Studio Solution File, Format Version 12.00
# Visual Studio 2012
Project("{888888A0-9F3D-457C-B088-3A5042F75D52}") = "DjangoSocial", "DjangoSocial.pyproj", "{F44E6EBD-378F-469E-99A6-F84BB179C147}"
EndProject
Global
	GlobalSection(SolutionConfigurationPlatforms) = preSolution
		Debug|Any CPU = Debug|Any CPU
		Release|Any CPU = Release|Any CPU
	EndGlobalSection
	GlobalSection(ProjectConfigurationPlatforms) = postSolution
		{F44E6EBD-378F-469E-99A6-F84BB179C147}.Debug|Any CPU.ActiveCfg = Debug|Any CPU
		{F44E6EBD-378F-469E-99A6-F84BB179C147}.Release|Any CPU.ActiveCfg = Release|Any CPU
	EndGlobalSection
	GlobalSection(SolutionProperties) = preSolution
		HideSolutionNode = FALSE
	EndGlobalSection
EndGlobal
